
Microsoft Visual Studio Solution File, Format Version 12.00
# Visual Studio Version 17
VisualStudioVersion = 17.13.35818.85
MinimumVisualStudioVersion = 10.0.40219.1
Project("{FAE04EC0-301F-11D3-BF4B-00C04F79EFBC}") = "StudentApp2.1", "StudentApp2.1\StudentApp2.1.csproj", "{C5479208-3324-4DBE-89DD-677283AEA066}"
EndProject
Project("{FAE04EC0-301F-11D3-BF4B-00C04F79EFBC}") = "StudentApp2.1mvc", "StudentApp2.1mvc\StudentApp2.1mvc.csproj", "{15F570B9-41C1-47ED-BAFB-6310F0EC06A6}"
EndProject
Project("{FAE04EC0-301F-11D3-BF4B-00C04F79EFBC}") = "StudentLibrary", "StudentLibrary\StudentLibrary.csproj", "{260A4C8E-45CA-4520-9F93-EF6198DFA9EE}"
EndProject
Global
	GlobalSection(SolutionConfigurationPlatforms) = preSolution
		Debug|Any CPU = Debug|Any CPU
		Release|Any CPU = Release|Any CPU
	EndGlobalSection
	GlobalSection(ProjectConfigurationPlatforms) = postSolution
		{C5479208-3324-4DBE-89DD-677283AEA066}.Debug|Any CPU.ActiveCfg = Debug|Any CPU
		{C5479208-3324-4DBE-89DD-677283AEA066}.Debug|Any CPU.Build.0 = Debug|Any CPU
		{C5479208-3324-4DBE-89DD-677283AEA066}.Release|Any CPU.ActiveCfg = Release|Any CPU
		{C5479208-3324-4DBE-89DD-677283AEA066}.Release|Any CPU.Build.0 = Release|Any CPU
		{15F570B9-41C1-47ED-BAFB-6310F0EC06A6}.Debug|Any CPU.ActiveCfg = Debug|Any CPU
		{15F570B9-41C1-47ED-BAFB-6310F0EC06A6}.Debug|Any CPU.Build.0 = Debug|Any CPU
		{15F570B9-41C1-47ED-BAFB-6310F0EC06A6}.Release|Any CPU.ActiveCfg = Release|Any CPU
		{15F570B9-41C1-47ED-BAFB-6310F0EC06A6}.Release|Any CPU.Build.0 = Release|Any CPU
		{260A4C8E-45CA-4520-9F93-EF6198DFA9EE}.Debug|Any CPU.ActiveCfg = Debug|Any CPU
		{260A4C8E-45CA-4520-9F93-EF6198DFA9EE}.Debug|Any CPU.Build.0 = Debug|Any CPU
		{260A4C8E-45CA-4520-9F93-EF6198DFA9EE}.Release|Any CPU.ActiveCfg = Release|Any CPU
		{260A4C8E-45CA-4520-9F93-EF6198DFA9EE}.Release|Any CPU.Build.0 = Release|Any CPU
	EndGlobalSection
	GlobalSection(SolutionProperties) = preSolution
		HideSolutionNode = FALSE
	EndGlobalSection
	GlobalSection(ExtensibilityGlobals) = postSolution
		SolutionGuid = {AE99046E-D3AC-422E-B8DA-820D167C8C57}
	EndGlobalSection
EndGlobal
